{
  "name": "resyze",
  "version": "1.0.1",
  "lockfileVersion": 2,
  "requires": true,
  "packages": {
    "": {
      "name": "resyze",
      "version": "1.0.1",
      "license": "MIT",
      "dependencies": {
        "resyze": "^1.0.1"
      }
    },
    "node_modules/resyze": {
      "version": "1.0.1",
      "resolved": "https://registry.npmjs.org/resyze/-/resyze-1.0.1.tgz",
      "integrity": "sha512-MByEz8pveyLY1kfmbguv4Hras1dwAFPon076cuK7eN0ChoO31jNF+O20LDwTM2fgZhuln6rQlaQApc4x3IbbYg==",
      "dependencies": {
        "resyze": "^1.0.0"
      }
    }
  },
  "dependencies": {
    "resyze": {
      "version": "1.0.1",
      "resolved": "https://registry.npmjs.org/resyze/-/resyze-1.0.1.tgz",
      "integrity": "sha512-MByEz8pveyLY1kfmbguv4Hras1dwAFPon076cuK7eN0ChoO31jNF+O20LDwTM2fgZhuln6rQlaQApc4x3IbbYg==",
      "requires": {
        "resyze": "^1.0.0"
      }
    }
  }
}
