{
  "name": "resyze",
  "version": "1.0.0",
  "lockfileVersion": 2,
  "requires": true,
  "packages": {
    "": {
      "name": "resyze",
      "version": "1.0.0",
      "license": "MIT",
      "dependencies": {
        "resyze": "^1.0.0"
      }
    },
    "node_modules/resyze": {
      "version": "1.0.0",
      "resolved": "https://registry.npmjs.org/resyze/-/resyze-1.0.0.tgz",
      "integrity": "sha512-HM73+DtaPn+C9PvgJxiYL1zLGuVAGovUKtZxU4Q2+2qXlrTSTYZ3ED2ZL/zf07foMytc8wdC+ql50HQ4SelAMA=="
    }
  },
  "dependencies": {
    "resyze": {
      "version": "1.0.0",
      "resolved": "https://registry.npmjs.org/resyze/-/resyze-1.0.0.tgz",
      "integrity": "sha512-HM73+DtaPn+C9PvgJxiYL1zLGuVAGovUKtZxU4Q2+2qXlrTSTYZ3ED2ZL/zf07foMytc8wdC+ql50HQ4SelAMA=="
    }
  }
}
