{
  "name": "resizejs",
  "version": "1.0.0",
  "lockfileVersion": 2,
  "requires": true,
  "packages": {
    "": {
      "name": "resizejs",
      "version": "1.0.0",
      "license": "MIT",
      "dependencies": {
        "resizejs": "^0.0.1"
      }
    },
    "node_modules/resizejs": {
      "version": "0.0.1",
      "resolved": "https://registry.npmjs.org/resizejs/-/resizejs-0.0.1.tgz",
      "integrity": "sha512-c2NkUJAL52lZ7udSmbPRRX2BMlY48Z9rJcCWDwEQosxNnCX6dJjLgad94Ra+Fn3A4jRDiChjv/D+l0IPZcy8+g=="
    }
  },
  "dependencies": {
    "resizejs": {
      "version": "0.0.1",
      "resolved": "https://registry.npmjs.org/resizejs/-/resizejs-0.0.1.tgz",
      "integrity": "sha512-c2NkUJAL52lZ7udSmbPRRX2BMlY48Z9rJcCWDwEQosxNnCX6dJjLgad94Ra+Fn3A4jRDiChjv/D+l0IPZcy8+g=="
    }
  }
}
